
Microsoft Visual Studio Solution File, Format Version 12.00
# Visual Studio 15
VisualStudioVersion = 15.0.28307.852
MinimumVisualStudioVersion = 10.0.40219.1
Project("{9A19103F-16F7-4668-BE54-9A1E7A4F7556}") = "HealthCatalystUserSearchAPI", "HealthCatalystUserSearchAPI\HealthCatalystUserSearchAPI.csproj", "{737E9A42-6602-4219-A5A1-0474DD44D9E6}"
EndProject
Project("{FAE04EC0-301F-11D3-BF4B-00C04F79EFBC}") = "XUnitTestProject", "XUnitTestProject\XUnitTestProject.csproj", "{98AC99FE-E783-4440-B2E7-286FAE222B51}"
EndProject
Global
	GlobalSection(SolutionConfigurationPlatforms) = preSolution
		Debug|Any CPU = Debug|Any CPU
		Release|Any CPU = Release|Any CPU
	EndGlobalSection
	GlobalSection(ProjectConfigurationPlatforms) = postSolution
		{737E9A42-6602-4219-A5A1-0474DD44D9E6}.Debug|Any CPU.ActiveCfg = Debug|Any CPU
		{737E9A42-6602-4219-A5A1-0474DD44D9E6}.Debug|Any CPU.Build.0 = Debug|Any CPU
		{737E9A42-6602-4219-A5A1-0474DD44D9E6}.Release|Any CPU.ActiveCfg = Release|Any CPU
		{737E9A42-6602-4219-A5A1-0474DD44D9E6}.Release|Any CPU.Build.0 = Release|Any CPU
		{98AC99FE-E783-4440-B2E7-286FAE222B51}.Debug|Any CPU.ActiveCfg = Debug|Any CPU
		{98AC99FE-E783-4440-B2E7-286FAE222B51}.Debug|Any CPU.Build.0 = Debug|Any CPU
		{98AC99FE-E783-4440-B2E7-286FAE222B51}.Release|Any CPU.ActiveCfg = Release|Any CPU
		{98AC99FE-E783-4440-B2E7-286FAE222B51}.Release|Any CPU.Build.0 = Release|Any CPU
	EndGlobalSection
	GlobalSection(SolutionProperties) = preSolution
		HideSolutionNode = FALSE
	EndGlobalSection
	GlobalSection(ExtensibilityGlobals) = postSolution
		SolutionGuid = {6E140BD0-9EE3-49DA-B8CD-565A889B0C03}
	EndGlobalSection
EndGlobal
